
Microsoft Visual Studio Solution File, Format Version 12.00
# Visual Studio Version 16
VisualStudioVersion = 16.0.32002.261
MinimumVisualStudioVersion = 10.0.40219.1
Project("{FAE04EC0-301F-11D3-BF4B-00C04F79EFBC}") = "DI2", "DI2.csproj", "{B1C5F5C9-447F-44D4-AEE0-2E02E5613F77}"
EndProject
Global
	GlobalSection(SolutionConfigurationPlatforms) = preSolution
		Debug|Any CPU = Debug|Any CPU
		Release|Any CPU = Release|Any CPU
	EndGlobalSection
	GlobalSection(ProjectConfigurationPlatforms) = postSolution
		{B1C5F5C9-447F-44D4-AEE0-2E02E5613F77}.Debug|Any CPU.ActiveCfg = Debug|Any CPU
		{B1C5F5C9-447F-44D4-AEE0-2E02E5613F77}.Debug|Any CPU.Build.0 = Debug|Any CPU
		{B1C5F5C9-447F-44D4-AEE0-2E02E5613F77}.Release|Any CPU.ActiveCfg = Release|Any CPU
		{B1C5F5C9-447F-44D4-AEE0-2E02E5613F77}.Release|Any CPU.Build.0 = Release|Any CPU
	EndGlobalSection
	GlobalSection(SolutionProperties) = preSolution
		HideSolutionNode = FALSE
	EndGlobalSection
	GlobalSection(ExtensibilityGlobals) = postSolution
		SolutionGuid = {8F683CBB-ACF0-4D45-87A9-6D335BC89627}
	EndGlobalSection
EndGlobal
