
Microsoft Visual Studio Solution File, Format Version 12.00
# Visual Studio Version 17
VisualStudioVersion = 17.11.35327.3
MinimumVisualStudioVersion = 10.0.40219.1
Project("{9A19103F-16F7-4668-BE54-9A1E7A4F7556}") = "TestPreparation", "TestPreparation.csproj", "{683062C4-4EB3-4658-B9C4-3C9CE1E4F409}"
EndProject
Project("{FAE04EC0-301F-11D3-BF4B-00C04F79EFBC}") = "FitnessHallThreadSimulation", "..\FitnessHallThreadSimulation\FitnessHallThreadSimulation.csproj", "{FE81271D-E8F1-49E3-9E47-35A394BD05E4}"
EndProject
Project("{FAE04EC0-301F-11D3-BF4B-00C04F79EFBC}") = "CarWashThreadSimulation", "..\CarWashThreadSimulation\CarWashThreadSimulation.csproj", "{1EDEA141-446C-464B-9F68-146DBE595BF0}"
EndProject
Global
	GlobalSection(SolutionConfigurationPlatforms) = preSolution
		Debug|Any CPU = Debug|Any CPU
		Release|Any CPU = Release|Any CPU
	EndGlobalSection
	GlobalSection(ProjectConfigurationPlatforms) = postSolution
		{683062C4-4EB3-4658-B9C4-3C9CE1E4F409}.Debug|Any CPU.ActiveCfg = Debug|Any CPU
		{683062C4-4EB3-4658-B9C4-3C9CE1E4F409}.Debug|Any CPU.Build.0 = Debug|Any CPU
		{683062C4-4EB3-4658-B9C4-3C9CE1E4F409}.Release|Any CPU.ActiveCfg = Release|Any CPU
		{683062C4-4EB3-4658-B9C4-3C9CE1E4F409}.Release|Any CPU.Build.0 = Release|Any CPU
		{FE81271D-E8F1-49E3-9E47-35A394BD05E4}.Debug|Any CPU.ActiveCfg = Debug|Any CPU
		{FE81271D-E8F1-49E3-9E47-35A394BD05E4}.Debug|Any CPU.Build.0 = Debug|Any CPU
		{FE81271D-E8F1-49E3-9E47-35A394BD05E4}.Release|Any CPU.ActiveCfg = Release|Any CPU
		{FE81271D-E8F1-49E3-9E47-35A394BD05E4}.Release|Any CPU.Build.0 = Release|Any CPU
		{1EDEA141-446C-464B-9F68-146DBE595BF0}.Debug|Any CPU.ActiveCfg = Debug|Any CPU
		{1EDEA141-446C-464B-9F68-146DBE595BF0}.Debug|Any CPU.Build.0 = Debug|Any CPU
		{1EDEA141-446C-464B-9F68-146DBE595BF0}.Release|Any CPU.ActiveCfg = Release|Any CPU
		{1EDEA141-446C-464B-9F68-146DBE595BF0}.Release|Any CPU.Build.0 = Release|Any CPU
	EndGlobalSection
	GlobalSection(SolutionProperties) = preSolution
		HideSolutionNode = FALSE
	EndGlobalSection
	GlobalSection(ExtensibilityGlobals) = postSolution
		SolutionGuid = {B4166C39-89CD-4E8D-ADB6-29DA3491A47D}
	EndGlobalSection
EndGlobal
