
Microsoft Visual Studio Solution File, Format Version 12.00
# Visual Studio Version 16
VisualStudioVersion = 16.0.32002.261
MinimumVisualStudioVersion = 10.0.40219.1
Project("{FAE04EC0-301F-11D3-BF4B-00C04F79EFBC}") = "TicTacToe", "TicTacToe.csproj", "{F5E03322-998E-446D-AD3A-4F0EE3AB6777}"
EndProject
Global
	GlobalSection(SolutionConfigurationPlatforms) = preSolution
		Debug|Any CPU = Debug|Any CPU
		Release|Any CPU = Release|Any CPU
	EndGlobalSection
	GlobalSection(ProjectConfigurationPlatforms) = postSolution
		{F5E03322-998E-446D-AD3A-4F0EE3AB6777}.Debug|Any CPU.ActiveCfg = Debug|Any CPU
		{F5E03322-998E-446D-AD3A-4F0EE3AB6777}.Debug|Any CPU.Build.0 = Debug|Any CPU
		{F5E03322-998E-446D-AD3A-4F0EE3AB6777}.Release|Any CPU.ActiveCfg = Release|Any CPU
		{F5E03322-998E-446D-AD3A-4F0EE3AB6777}.Release|Any CPU.Build.0 = Release|Any CPU
	EndGlobalSection
	GlobalSection(SolutionProperties) = preSolution
		HideSolutionNode = FALSE
	EndGlobalSection
	GlobalSection(ExtensibilityGlobals) = postSolution
		SolutionGuid = {9E1A3EDB-5EF7-494F-9DCB-8C3B96443678}
	EndGlobalSection
EndGlobal
