
Microsoft Visual Studio Solution File, Format Version 12.00
# Visual Studio Version 16
VisualStudioVersion = 16.0.32002.261
MinimumVisualStudioVersion = 10.0.40219.1
Project("{FAE04EC0-301F-11D3-BF4B-00C04F79EFBC}") = "TestPreparation2Example", "TestPreparation2Example.csproj", "{393047F8-7DA1-4B17-8387-46D95E98E341}"
EndProject
Global
	GlobalSection(SolutionConfigurationPlatforms) = preSolution
		Debug|Any CPU = Debug|Any CPU
		Release|Any CPU = Release|Any CPU
	EndGlobalSection
	GlobalSection(ProjectConfigurationPlatforms) = postSolution
		{393047F8-7DA1-4B17-8387-46D95E98E341}.Debug|Any CPU.ActiveCfg = Debug|Any CPU
		{393047F8-7DA1-4B17-8387-46D95E98E341}.Debug|Any CPU.Build.0 = Debug|Any CPU
		{393047F8-7DA1-4B17-8387-46D95E98E341}.Release|Any CPU.ActiveCfg = Release|Any CPU
		{393047F8-7DA1-4B17-8387-46D95E98E341}.Release|Any CPU.Build.0 = Release|Any CPU
	EndGlobalSection
	GlobalSection(SolutionProperties) = preSolution
		HideSolutionNode = FALSE
	EndGlobalSection
	GlobalSection(ExtensibilityGlobals) = postSolution
		SolutionGuid = {EAADEF16-B394-4003-A4D0-C72763FB363B}
	EndGlobalSection
EndGlobal
